// !$*UTF8*$!
{
	archiveVersion = 1;
	classes = {
	};
	objectVersion = 46;
	objects = {

/* Begin PBXBuildFile section */
		802409BE1D4692F800100F21 /* AppDelegate.swift in Sources */ = {isa = PBXBuildFile; fileRef = 802409BD1D4692F800100F21 /* AppDelegate.swift */; };
		802409C31D4692F800100F21 /* Main.storyboard in Resources */ = {isa = PBXBuildFile; fileRef = 802409C11D4692F800100F21 /* Main.storyboard */; };
		802409C81D4692F800100F21 /* LaunchScreen.storyboard in Resources */ = {isa = PBXBuildFile; fileRef = 802409C61D4692F800100F21 /* LaunchScreen.storyboard */; };
		802409D31D4692F800100F21 /* Smart4SURETests.swift in Sources */ = {isa = PBXBuildFile; fileRef = 802409D21D4692F800100F21 /* Smart4SURETests.swift */; };
		802409DE1D4692F800100F21 /* Smart4SUREUITests.swift in Sources */ = {isa = PBXBuildFile; fileRef = 802409DD1D4692F800100F21 /* Smart4SUREUITests.swift */; };
		80240A0F1D46949500100F21 /* BridgeInfo.plist in Resources */ = {isa = PBXBuildFile; fileRef = 802409EC1D46949500100F21 /* BridgeInfo.plist */; };
		80240A101D46949500100F21 /* ColorInfo.plist in Resources */ = {isa = PBXBuildFile; fileRef = 802409ED1D46949500100F21 /* ColorInfo.plist */; };
		80240A121D46949500100F21 /* Assets.xcassets in Resources */ = {isa = PBXBuildFile; fileRef = 802409F01D46949500100F21 /* Assets.xcassets */; };
		80240A151D46949500100F21 /* Contact Us.html in Resources */ = {isa = PBXBuildFile; fileRef = 802409F51D46949500100F21 /* Contact Us.html */; };
		80240A161D46949500100F21 /* How Long.html in Resources */ = {isa = PBXBuildFile; fileRef = 802409F71D46949500100F21 /* How Long.html */; };
		80240A171D46949500100F21 /* Instructions.html in Resources */ = {isa = PBXBuildFile; fileRef = 802409F91D46949500100F21 /* Instructions.html */; };
		80240A181D46949500100F21 /* Missed Session.html in Resources */ = {isa = PBXBuildFile; fileRef = 802409FB1D46949500100F21 /* Missed Session.html */; };
		80240A191D46949500100F21 /* Learn_section.css in Resources */ = {isa = PBXBuildFile; fileRef = 802409FD1D46949500100F21 /* Learn_section.css */; };
		80240A1A1D46949500100F21 /* pantspocket.png in Resources */ = {isa = PBXBuildFile; fileRef = 802409FE1D46949500100F21 /* pantspocket.png */; };
		80240A1B1D46949500100F21 /* CombinedTask.json in Resources */ = {isa = PBXBuildFile; fileRef = 80240A001D46949500100F21 /* CombinedTask.json */; };
		80240A1E1D46949500100F21 /* Smart4SUREActivityTableViewController.swift in Sources */ = {isa = PBXBuildFile; fileRef = 80240A071D46949500100F21 /* Smart4SUREActivityTableViewController.swift */; };
		80240A1F1D46949500100F21 /* Smart4SURELearnInfo.swift in Sources */ = {isa = PBXBuildFile; fileRef = 80240A081D46949500100F21 /* Smart4SURELearnInfo.swift */; };
		80240A201D46949500100F21 /* Smart4SURELearnViewController.swift in Sources */ = {isa = PBXBuildFile; fileRef = 80240A091D46949500100F21 /* Smart4SURELearnViewController.swift */; };
		80240A991D469AFE00100F21 /* ZipZap.framework in Frameworks */ = {isa = PBXBuildFile; fileRef = 80240A8C1D469AB600100F21 /* ZipZap.framework */; };
		80240A9A1D469AFE00100F21 /* ZipZap.framework in Embed Frameworks */ = {isa = PBXBuildFile; fileRef = 80240A8C1D469AB600100F21 /* ZipZap.framework */; settings = {ATTRIBUTES = (CodeSignOnCopy, RemoveHeadersOnCopy, ); }; };
		80240A9D1D469AFE00100F21 /* ResearchKit.framework in Frameworks */ = {isa = PBXBuildFile; fileRef = 80240A7E1D469AA600100F21 /* ResearchKit.framework */; };
		80240A9E1D469AFE00100F21 /* ResearchKit.framework in Embed Frameworks */ = {isa = PBXBuildFile; fileRef = 80240A7E1D469AA600100F21 /* ResearchKit.framework */; settings = {ATTRIBUTES = (CodeSignOnCopy, RemoveHeadersOnCopy, ); }; };
		80240AA11D469AFE00100F21 /* BridgeSDK.framework in Frameworks */ = {isa = PBXBuildFile; fileRef = 80240A701D469A9800100F21 /* BridgeSDK.framework */; };
		80240AA21D469AFE00100F21 /* BridgeSDK.framework in Embed Frameworks */ = {isa = PBXBuildFile; fileRef = 80240A701D469A9800100F21 /* BridgeSDK.framework */; settings = {ATTRIBUTES = (CodeSignOnCopy, RemoveHeadersOnCopy, ); }; };
		80240AA51D469AFE00100F21 /* BridgeAppSDK.framework in Frameworks */ = {isa = PBXBuildFile; fileRef = 80240A321D469A2D00100F21 /* BridgeAppSDK.framework */; };
		80240AA61D469AFE00100F21 /* BridgeAppSDK.framework in Embed Frameworks */ = {isa = PBXBuildFile; fileRef = 80240A321D469A2D00100F21 /* BridgeAppSDK.framework */; settings = {ATTRIBUTES = (CodeSignOnCopy, RemoveHeadersOnCopy, ); }; };
		80240AB41D469B2000100F21 /* openssl.framework in Frameworks */ = {isa = PBXBuildFile; fileRef = 80240AB11D469B1700100F21 /* openssl.framework */; };
		80240AB51D469B2000100F21 /* openssl.framework in Embed Frameworks */ = {isa = PBXBuildFile; fileRef = 80240AB11D469B1700100F21 /* openssl.framework */; settings = {ATTRIBUTES = (CodeSignOnCopy, RemoveHeadersOnCopy, ); }; };
		80240AD01D46A38A00100F21 /* LearnInfo.plist in Resources */ = {isa = PBXBuildFile; fileRef = 80240ACC1D46A38A00100F21 /* LearnInfo.plist */; };
		8027A8C71D638E5B00DCF4D0 /* BridgeInfo-private.plist in Resources */ = {isa = PBXBuildFile; fileRef = 8027A8C61D638E5B00DCF4D0 /* BridgeInfo-private.plist */; };
		8027A8DE1D638FDF00DCF4D0 /* sure-pd3-parkinson.pem in Resources */ = {isa = PBXBuildFile; fileRef = 8027A8DD1D638FDF00DCF4D0 /* sure-pd3-parkinson.pem */; };
		FF3A7AEE1D78C0150073CE96 /* About.html in Resources */ = {isa = PBXBuildFile; fileRef = FF3A7AEC1D78C0150073CE96 /* About.html */; };
		FF46AA0C1D6E44E2006AD42B /* Smart4SUREDashboardViewController.swift in Sources */ = {isa = PBXBuildFile; fileRef = FF46AA0B1D6E44E2006AD42B /* Smart4SUREDashboardViewController.swift */; };
		FF46AA631D6E58BE006AD42B /* Smart4SUREScheduledActivityManager.swift in Sources */ = {isa = PBXBuildFile; fileRef = FF46AA621D6E58BE006AD42B /* Smart4SUREScheduledActivityManager.swift */; };
		FF46AA651D6E5908006AD42B /* CoreData.framework in Frameworks */ = {isa = PBXBuildFile; fileRef = FF46AA641D6E5908006AD42B /* CoreData.framework */; };
		FF46AA701D6F7880006AD42B /* Smart4SURE.xcdatamodeld in Sources */ = {isa = PBXBuildFile; fileRef = FF46AA6E1D6F7880006AD42B /* Smart4SURE.xcdatamodeld */; };
		FF46AA771D6F7E2D006AD42B /* ScheduledActivity+CoreDataProperties.swift in Sources */ = {isa = PBXBuildFile; fileRef = FF46AA751D6F7E2D006AD42B /* ScheduledActivity+CoreDataProperties.swift */; };
		FF46AA781D6F7E2D006AD42B /* ScheduledActivity.swift in Sources */ = {isa = PBXBuildFile; fileRef = FF46AA761D6F7E2D006AD42B /* ScheduledActivity.swift */; };
		FF5051D71D6663F50065E677 /* Onboarding.json in Resources */ = {isa = PBXBuildFile; fileRef = FF5051D61D6663F50065E677 /* Onboarding.json */; };
		FF5051D91D6675A50065E677 /* Smart4SUREOnboardingViewController.swift in Sources */ = {isa = PBXBuildFile; fileRef = FF5051D81D6675A50065E677 /* Smart4SUREOnboardingViewController.swift */; };
		FF722C1C1D7765E7004B2F8B /* Smart4SURENewsfeedTableViewController.swift in Sources */ = {isa = PBXBuildFile; fileRef = FF722C1B1D7765E7004B2F8B /* Smart4SURENewsfeedTableViewController.swift */; };
		FF8359921D70C6AC0028B899 /* Withdrawl.html in Resources */ = {isa = PBXBuildFile; fileRef = FF8359901D70C6AC0028B899 /* Withdrawl.html */; };
		FF84AAA71D8CAFA600ABD54C /* HealthKit.framework in Frameworks */ = {isa = PBXBuildFile; fileRef = FF84AAA61D8CAFA600ABD54C /* HealthKit.framework */; };
		FF84AB001D907A9D00ABD54C /* SURE-PD3.png in Resources */ = {isa = PBXBuildFile; fileRef = FF84AAFD1D907A9D00ABD54C /* SURE-PD3.png */; };
		FF84AB011D907A9D00ABD54C /* mgh.png in Resources */ = {isa = PBXBuildFile; fileRef = FF84AAFE1D907A9D00ABD54C /* mgh.png */; };
		FF84AB021D907A9D00ABD54C /* meliora.png in Resources */ = {isa = PBXBuildFile; fileRef = FF84AAFF1D907A9D00ABD54C /* meliora.png */; };
/* End PBXBuildFile section */

/* Begin PBXContainerItemProxy section */
		802409CF1D4692F800100F21 /* PBXContainerItemProxy */ = {
			isa = PBXContainerItemProxy;
			containerPortal = 802409B21D4692F800100F21 /* Project object */;
			proxyType = 1;
			remoteGlobalIDString = 802409B91D4692F800100F21;
			remoteInfo = Smart4SURE;
		};
		802409DA1D4692F800100F21 /* PBXContainerItemProxy */ = {
			isa = PBXContainerItemProxy;
			containerPortal = 802409B21D4692F800100F21 /* Project object */;
			proxyType = 1;
			remoteGlobalIDString = 802409B91D4692F800100F21;
			remoteInfo = Smart4SURE;
		};
		80240A2F1D469A2D00100F21 /* PBXContainerItemProxy */ = {
			isa = PBXContainerItemProxy;
			containerPortal = 80240A251D469A2D00100F21 /* BridgeAppSDK.xcodeproj */;
			proxyType = 2;
			remoteGlobalIDString = 161479C01BD6CE8F0099A068;
			remoteInfo = BridgeAppSDKSample;
		};
		80240A311D469A2D00100F21 /* PBXContainerItemProxy */ = {
			isa = PBXContainerItemProxy;
			containerPortal = 80240A251D469A2D00100F21 /* BridgeAppSDK.xcodeproj */;
			proxyType = 2;
			remoteGlobalIDString = 801040B21C5A843D00D26E19;
			remoteInfo = BridgeAppSDK;
		};
		80240A331D469A2D00100F21 /* PBXContainerItemProxy */ = {
			isa = PBXContainerItemProxy;
			containerPortal = 80240A251D469A2D00100F21 /* BridgeAppSDK.xcodeproj */;
			proxyType = 2;
			remoteGlobalIDString = 801040BB1C5A843D00D26E19;
			remoteInfo = BridgeAppSDKTests;
		};
		80240A6F1D469A9800100F21 /* PBXContainerItemProxy */ = {
			isa = PBXContainerItemProxy;
			containerPortal = 80240A621D469A9800100F21 /* BridgeSDK.xcodeproj */;
			proxyType = 2;
			remoteGlobalIDString = 80855F5019BE258C006601C7;
			remoteInfo = BridgeSDK;
		};
		80240A711D469A9800100F21 /* PBXContainerItemProxy */ = {
			isa = PBXContainerItemProxy;
			containerPortal = 80240A621D469A9800100F21 /* BridgeSDK.xcodeproj */;
			proxyType = 2;
			remoteGlobalIDString = 80855F5B19BE258C006601C7;
			remoteInfo = BridgeSDKTests;
		};
		80240A731D469A9800100F21 /* PBXContainerItemProxy */ = {
			isa = PBXContainerItemProxy;
			containerPortal = 80240A621D469A9800100F21 /* BridgeSDK.xcodeproj */;
			proxyType = 2;
			remoteGlobalIDString = 807AE2871B603309002588BB;
			remoteInfo = BridgeSDKIntegration;
		};
		80240A751D469A9800100F21 /* PBXContainerItemProxy */ = {
			isa = PBXContainerItemProxy;
			containerPortal = 80240A621D469A9800100F21 /* BridgeSDK.xcodeproj */;
			proxyType = 2;
			remoteGlobalIDString = 807AE29F1B60330C002588BB;
			remoteInfo = BridgeSDKIntegrationTests;
		};
		80240A7D1D469AA600100F21 /* PBXContainerItemProxy */ = {
			isa = PBXContainerItemProxy;
			containerPortal = 80240A771D469AA600100F21 /* ResearchKit.xcodeproj */;
			proxyType = 2;
			remoteGlobalIDString = B183A5951A8535D100C76870;
			remoteInfo = ResearchKit;
		};
		80240A7F1D469AA600100F21 /* PBXContainerItemProxy */ = {
			isa = PBXContainerItemProxy;
			containerPortal = 80240A771D469AA600100F21 /* ResearchKit.xcodeproj */;
			proxyType = 2;
			remoteGlobalIDString = 86CC8E9A1AC09332001CCD89;
			remoteInfo = ResearchKitTests;
		};
		80240A8B1D469AB600100F21 /* PBXContainerItemProxy */ = {
			isa = PBXContainerItemProxy;
			containerPortal = 80240A811D469AB600100F21 /* ZipZap.xcodeproj */;
			proxyType = 2;
			remoteGlobalIDString = D87BA1F81B3D6DEA00ED7EB3;
			remoteInfo = "ZipZap (iOS Framework)";
		};
		80240A8D1D469AB600100F21 /* PBXContainerItemProxy */ = {
			isa = PBXContainerItemProxy;
			containerPortal = 80240A811D469AB600100F21 /* ZipZap.xcodeproj */;
			proxyType = 2;
			remoteGlobalIDString = D899CFB0162C5EEB00112F49;
			remoteInfo = "ZipZap (iOS Static Library)";
		};
		80240A8F1D469AB600100F21 /* PBXContainerItemProxy */ = {
			isa = PBXContainerItemProxy;
			containerPortal = 80240A811D469AB600100F21 /* ZipZap.xcodeproj */;
			proxyType = 2;
			remoteGlobalIDString = D8D140D31B423B1100C411B0;
			remoteInfo = "ZipZap (OS X Framework)";
		};
		80240A911D469AB600100F21 /* PBXContainerItemProxy */ = {
			isa = PBXContainerItemProxy;
			containerPortal = 80240A811D469AB600100F21 /* ZipZap.xcodeproj */;
			proxyType = 2;
			remoteGlobalIDString = D899CF82162C5EC100112F49;
			remoteInfo = "ZipZap (OS X Static Library)";
		};
		80240A931D469AB600100F21 /* PBXContainerItemProxy */ = {
			isa = PBXContainerItemProxy;
			containerPortal = 80240A811D469AB600100F21 /* ZipZap.xcodeproj */;
			proxyType = 2;
			remoteGlobalIDString = BF8624CB1BB7495200C12EEE;
			remoteInfo = "ZipZap (tvOS Framework)";
		};
		80240A951D469AB600100F21 /* PBXContainerItemProxy */ = {
			isa = PBXContainerItemProxy;
			containerPortal = 80240A811D469AB600100F21 /* ZipZap.xcodeproj */;
			proxyType = 2;
			remoteGlobalIDString = BF8624EF1BB74B1F00C12EEE;
			remoteInfo = "ZipZap (tvOS Static Library)";
		};
		80240A971D469AB600100F21 /* PBXContainerItemProxy */ = {
			isa = PBXContainerItemProxy;
			containerPortal = 80240A811D469AB600100F21 /* ZipZap.xcodeproj */;
			proxyType = 2;
			remoteGlobalIDString = D899CF96162C5EC100112F49;
			remoteInfo = ZipZapTests;
		};
		80240A9B1D469AFE00100F21 /* PBXContainerItemProxy */ = {
			isa = PBXContainerItemProxy;
			containerPortal = 80240A811D469AB600100F21 /* ZipZap.xcodeproj */;
			proxyType = 1;
			remoteGlobalIDString = D87BA1F71B3D6DEA00ED7EB3;
			remoteInfo = "ZipZap (iOS Framework)";
		};
		80240A9F1D469AFE00100F21 /* PBXContainerItemProxy */ = {
			isa = PBXContainerItemProxy;
			containerPortal = 80240A771D469AA600100F21 /* ResearchKit.xcodeproj */;
			proxyType = 1;
			remoteGlobalIDString = B183A4731A8535D100C76870;
			remoteInfo = ResearchKit;
		};
		80240AA31D469AFE00100F21 /* PBXContainerItemProxy */ = {
			isa = PBXContainerItemProxy;
			containerPortal = 80240A621D469A9800100F21 /* BridgeSDK.xcodeproj */;
			proxyType = 1;
			remoteGlobalIDString = 80855F4F19BE258C006601C7;
			remoteInfo = BridgeSDK;
		};
		80240AA71D469AFE00100F21 /* PBXContainerItemProxy */ = {
			isa = PBXContainerItemProxy;
			containerPortal = 80240A251D469A2D00100F21 /* BridgeAppSDK.xcodeproj */;
			proxyType = 1;
			remoteGlobalIDString = 801040B11C5A843D00D26E19;
			remoteInfo = BridgeAppSDK;
		};
		80240AB01D469B1700100F21 /* PBXContainerItemProxy */ = {
			isa = PBXContainerItemProxy;
			containerPortal = 80240AAA1D469B1700100F21 /* openssl.xcodeproj */;
			proxyType = 2;
			remoteGlobalIDString = 60674AE31B30A93900A1917D;
			remoteInfo = openssl;
		};
		80240AB21D469B1700100F21 /* PBXContainerItemProxy */ = {
			isa = PBXContainerItemProxy;
			containerPortal = 80240AAA1D469B1700100F21 /* openssl.xcodeproj */;
			proxyType = 2;
			remoteGlobalIDString = 60674AEE1B30A93900A1917D;
			remoteInfo = opensslTests;
		};
		80240AB61D469B2000100F21 /* PBXContainerItemProxy */ = {
			isa = PBXContainerItemProxy;
			containerPortal = 80240AAA1D469B1700100F21 /* openssl.xcodeproj */;
			proxyType = 1;
			remoteGlobalIDString = 60674AE21B30A93900A1917D;
			remoteInfo = openssl;
		};
/* End PBXContainerItemProxy section */

/* Begin PBXCopyFilesBuildPhase section */
		80240AA91D469AFF00100F21 /* Embed Frameworks */ = {
			isa = PBXCopyFilesBuildPhase;
			buildActionMask = 2147483647;
			dstPath = "";
			dstSubfolderSpec = 10;
			files = (
				80240AB51D469B2000100F21 /* openssl.framework in Embed Frameworks */,
				80240A9E1D469AFE00100F21 /* ResearchKit.framework in Embed Frameworks */,
				80240A9A1D469AFE00100F21 /* ZipZap.framework in Embed Frameworks */,
				80240AA61D469AFE00100F21 /* BridgeAppSDK.framework in Embed Frameworks */,
				80240AA21D469AFE00100F21 /* BridgeSDK.framework in Embed Frameworks */,
			);
			name = "Embed Frameworks";
			runOnlyForDeploymentPostprocessing = 0;
		};
/* End PBXCopyFilesBuildPhase section */

/* Begin PBXFileReference section */
		802409BA1D4692F800100F21 /* Smart4SURE.app */ = {isa = PBXFileReference; explicitFileType = wrapper.application; includeInIndex = 0; path = Smart4SURE.app; sourceTree = BUILT_PRODUCTS_DIR; };
		802409BD1D4692F800100F21 /* AppDelegate.swift */ = {isa = PBXFileReference; lastKnownFileType = sourcecode.swift; path = AppDelegate.swift; sourceTree = "<group>"; };
		802409C21D4692F800100F21 /* Base */ = {isa = PBXFileReference; lastKnownFileType = file.storyboard; name = Base; path = Base.lproj/Main.storyboard; sourceTree = "<group>"; };
		802409C71D4692F800100F21 /* Base */ = {isa = PBXFileReference; lastKnownFileType = file.storyboard; name = Base; path = Base.lproj/LaunchScreen.storyboard; sourceTree = "<group>"; };
		802409C91D4692F800100F21 /* Info.plist */ = {isa = PBXFileReference; lastKnownFileType = text.plist.xml; path = Info.plist; sourceTree = "<group>"; };
		802409CE1D4692F800100F21 /* Smart4SURETests.xctest */ = {isa = PBXFileReference; explicitFileType = wrapper.cfbundle; includeInIndex = 0; path = Smart4SURETests.xctest; sourceTree = BUILT_PRODUCTS_DIR; };
		802409D21D4692F800100F21 /* Smart4SURETests.swift */ = {isa = PBXFileReference; lastKnownFileType = sourcecode.swift; path = Smart4SURETests.swift; sourceTree = "<group>"; };
		802409D41D4692F800100F21 /* Info.plist */ = {isa = PBXFileReference; lastKnownFileType = text.plist.xml; path = Info.plist; sourceTree = "<group>"; };
		802409D91D4692F800100F21 /* Smart4SUREUITests.xctest */ = {isa = PBXFileReference; explicitFileType = wrapper.cfbundle; includeInIndex = 0; path = Smart4SUREUITests.xctest; sourceTree = BUILT_PRODUCTS_DIR; };
		802409DD1D4692F800100F21 /* Smart4SUREUITests.swift */ = {isa = PBXFileReference; lastKnownFileType = sourcecode.swift; path = Smart4SUREUITests.swift; sourceTree = "<group>"; };
		802409DF1D4692F800100F21 /* Info.plist */ = {isa = PBXFileReference; lastKnownFileType = text.plist.xml; path = Info.plist; sourceTree = "<group>"; };
		802409EC1D46949500100F21 /* BridgeInfo.plist */ = {isa = PBXFileReference; fileEncoding = 4; lastKnownFileType = text.plist.xml; path = BridgeInfo.plist; sourceTree = "<group>"; };
		802409ED1D46949500100F21 /* ColorInfo.plist */ = {isa = PBXFileReference; fileEncoding = 4; lastKnownFileType = text.plist.xml; path = ColorInfo.plist; sourceTree = "<group>"; };
		802409F01D46949500100F21 /* Assets.xcassets */ = {isa = PBXFileReference; lastKnownFileType = folder.assetcatalog; path = Assets.xcassets; sourceTree = "<group>"; };
		802409F61D46949500100F21 /* Base */ = {isa = PBXFileReference; lastKnownFileType = text.html; name = Base; path = "Base.lproj/Contact Us.html"; sourceTree = "<group>"; };
		802409F81D46949500100F21 /* Base */ = {isa = PBXFileReference; lastKnownFileType = text.html; name = Base; path = "Base.lproj/How Long.html"; sourceTree = "<group>"; };
		802409FA1D46949500100F21 /* Base */ = {isa = PBXFileReference; lastKnownFileType = text.html; name = Base; path = Base.lproj/Instructions.html; sourceTree = "<group>"; };
		802409FC1D46949500100F21 /* Base */ = {isa = PBXFileReference; lastKnownFileType = text.html; name = Base; path = "Base.lproj/Missed Session.html"; sourceTree = "<group>"; };
		802409FD1D46949500100F21 /* Learn_section.css */ = {isa = PBXFileReference; fileEncoding = 4; lastKnownFileType = text.css; path = Learn_section.css; sourceTree = "<group>"; };
		802409FE1D46949500100F21 /* pantspocket.png */ = {isa = PBXFileReference; lastKnownFileType = image.png; path = pantspocket.png; sourceTree = "<group>"; };
		80240A011D46949500100F21 /* Base */ = {isa = PBXFileReference; lastKnownFileType = text.json; name = Base; path = Base.lproj/CombinedTask.json; sourceTree = "<group>"; };
		80240A071D46949500100F21 /* Smart4SUREActivityTableViewController.swift */ = {isa = PBXFileReference; fileEncoding = 4; lastKnownFileType = sourcecode.swift; path = Smart4SUREActivityTableViewController.swift; sourceTree = "<group>"; };
		80240A081D46949500100F21 /* Smart4SURELearnInfo.swift */ = {isa = PBXFileReference; fileEncoding = 4; lastKnownFileType = sourcecode.swift; path = Smart4SURELearnInfo.swift; sourceTree = "<group>"; };
		80240A091D46949500100F21 /* Smart4SURELearnViewController.swift */ = {isa = PBXFileReference; fileEncoding = 4; lastKnownFileType = sourcecode.swift; path = Smart4SURELearnViewController.swift; sourceTree = "<group>"; };
		80240A251D469A2D00100F21 /* BridgeAppSDK.xcodeproj */ = {isa = PBXFileReference; lastKnownFileType = "wrapper.pb-project"; name = BridgeAppSDK.xcodeproj; path = BridgeAppSDK/BridgeAppSDK.xcodeproj; sourceTree = "<group>"; };
		80240A621D469A9800100F21 /* BridgeSDK.xcodeproj */ = {isa = PBXFileReference; lastKnownFileType = "wrapper.pb-project"; name = BridgeSDK.xcodeproj; path = BridgeAppSDK/BridgeSDK/BridgeSDK.xcodeproj; sourceTree = "<group>"; };
		80240A771D469AA600100F21 /* ResearchKit.xcodeproj */ = {isa = PBXFileReference; lastKnownFileType = "wrapper.pb-project"; name = ResearchKit.xcodeproj; path = BridgeAppSDK/ResearchKit/ResearchKit.xcodeproj; sourceTree = "<group>"; };
		80240A811D469AB600100F21 /* ZipZap.xcodeproj */ = {isa = PBXFileReference; lastKnownFileType = "wrapper.pb-project"; name = ZipZap.xcodeproj; path = BridgeAppSDK/ZipZap/ZipZap.xcodeproj; sourceTree = "<group>"; };
		80240AAA1D469B1700100F21 /* openssl.xcodeproj */ = {isa = PBXFileReference; lastKnownFileType = "wrapper.pb-project"; name = openssl.xcodeproj; path = BridgeAppSDK/CMSSupport/openssl/openssl.xcodeproj; sourceTree = "<group>"; };
		80240ACD1D46A38A00100F21 /* Base */ = {isa = PBXFileReference; lastKnownFileType = text.plist.xml; name = Base; path = Smart4SURE/Base.lproj/LearnInfo.plist; sourceTree = "<group>"; };
		8027A8C61D638E5B00DCF4D0 /* BridgeInfo-private.plist */ = {isa = PBXFileReference; fileEncoding = 4; lastKnownFileType = text.plist.xml; name = "BridgeInfo-private.plist"; path = "../iOSPrivateProjectInfo/Smart4SURE/BridgeInfo-private.plist"; sourceTree = SOURCE_ROOT; };
		8027A8DD1D638FDF00DCF4D0 /* sure-pd3-parkinson.pem */ = {isa = PBXFileReference; fileEncoding = 4; lastKnownFileType = text; path = "sure-pd3-parkinson.pem"; sourceTree = "<group>"; };
		FF3A7AED1D78C0150073CE96 /* Base */ = {isa = PBXFileReference; lastKnownFileType = text.html; name = Base; path = Base.lproj/About.html; sourceTree = "<group>"; };
		FF46AA0B1D6E44E2006AD42B /* Smart4SUREDashboardViewController.swift */ = {isa = PBXFileReference; fileEncoding = 4; lastKnownFileType = sourcecode.swift; path = Smart4SUREDashboardViewController.swift; sourceTree = "<group>"; };
		FF46AA621D6E58BE006AD42B /* Smart4SUREScheduledActivityManager.swift */ = {isa = PBXFileReference; fileEncoding = 4; lastKnownFileType = sourcecode.swift; path = Smart4SUREScheduledActivityManager.swift; sourceTree = "<group>"; };
		FF46AA641D6E5908006AD42B /* CoreData.framework */ = {isa = PBXFileReference; lastKnownFileType = wrapper.framework; name = CoreData.framework; path = System/Library/Frameworks/CoreData.framework; sourceTree = SDKROOT; };
		FF46AA6F1D6F7880006AD42B /* Smart4SURE.xcdatamodel */ = {isa = PBXFileReference; lastKnownFileType = wrapper.xcdatamodel; path = Smart4SURE.xcdatamodel; sourceTree = "<group>"; };
		FF46AA751D6F7E2D006AD42B /* ScheduledActivity+CoreDataProperties.swift */ = {isa = PBXFileReference; fileEncoding = 4; lastKnownFileType = sourcecode.swift; path = "ScheduledActivity+CoreDataProperties.swift"; sourceTree = "<group>"; };
		FF46AA761D6F7E2D006AD42B /* ScheduledActivity.swift */ = {isa = PBXFileReference; fileEncoding = 4; lastKnownFileType = sourcecode.swift; path = ScheduledActivity.swift; sourceTree = "<group>"; };
		FF5051D61D6663F50065E677 /* Onboarding.json */ = {isa = PBXFileReference; fileEncoding = 4; lastKnownFileType = text.json; path = Onboarding.json; sourceTree = "<group>"; };
		FF5051D81D6675A50065E677 /* Smart4SUREOnboardingViewController.swift */ = {isa = PBXFileReference; fileEncoding = 4; lastKnownFileType = sourcecode.swift; path = Smart4SUREOnboardingViewController.swift; sourceTree = "<group>"; };
		FF722C1B1D7765E7004B2F8B /* Smart4SURENewsfeedTableViewController.swift */ = {isa = PBXFileReference; fileEncoding = 4; lastKnownFileType = sourcecode.swift; name = Smart4SURENewsfeedTableViewController.swift; path = Resources/Smart4SURENewsfeedTableViewController.swift; sourceTree = "<group>"; };
		FF8359911D70C6AC0028B899 /* Base */ = {isa = PBXFileReference; lastKnownFileType = text.html; name = Base; path = Base.lproj/Withdrawl.html; sourceTree = "<group>"; };
		FF84AAA31D8CAF8300ABD54C /* Smart4SURE.entitlements */ = {isa = PBXFileReference; lastKnownFileType = text.plist.entitlements; path = Smart4SURE.entitlements; sourceTree = "<group>"; };
		FF84AAA61D8CAFA600ABD54C /* HealthKit.framework */ = {isa = PBXFileReference; lastKnownFileType = wrapper.framework; name = HealthKit.framework; path = System/Library/Frameworks/HealthKit.framework; sourceTree = SDKROOT; };
		FF84AAFD1D907A9D00ABD54C /* SURE-PD3.png */ = {isa = PBXFileReference; lastKnownFileType = image.png; path = "SURE-PD3.png"; sourceTree = "<group>"; };
		FF84AAFE1D907A9D00ABD54C /* mgh.png */ = {isa = PBXFileReference; lastKnownFileType = image.png; path = mgh.png; sourceTree = "<group>"; };
		FF84AAFF1D907A9D00ABD54C /* meliora.png */ = {isa = PBXFileReference; lastKnownFileType = image.png; path = meliora.png; sourceTree = "<group>"; };
/* End PBXFileReference section */

/* Begin PBXFrameworksBuildPhase section */
		802409B71D4692F800100F21 /* Frameworks */ = {
			isa = PBXFrameworksBuildPhase;
			buildActionMask = 2147483647;
			files = (
				FF46AA651D6E5908006AD42B /* CoreData.framework in Frameworks */,
				80240AB41D469B2000100F21 /* openssl.framework in Frameworks */,
				80240A9D1D469AFE00100F21 /* ResearchKit.framework in Frameworks */,
				80240A991D469AFE00100F21 /* ZipZap.framework in Frameworks */,
				FF84AAA71D8CAFA600ABD54C /* HealthKit.framework in Frameworks */,
				80240AA51D469AFE00100F21 /* BridgeAppSDK.framework in Frameworks */,
				80240AA11D469AFE00100F21 /* BridgeSDK.framework in Frameworks */,
			);
			runOnlyForDeploymentPostprocessing = 0;
		};
		802409CB1D4692F800100F21 /* Frameworks */ = {
			isa = PBXFrameworksBuildPhase;
			buildActionMask = 2147483647;
			files = (
			);
			runOnlyForDeploymentPostprocessing = 0;
		};
		802409D61D4692F800100F21 /* Frameworks */ = {
			isa = PBXFrameworksBuildPhase;
			buildActionMask = 2147483647;
			files = (
			);
			runOnlyForDeploymentPostprocessing = 0;
		};
/* End PBXFrameworksBuildPhase section */

/* Begin PBXGroup section */
		802409B11D4692F800100F21 = {
			isa = PBXGroup;
			children = (
				802409BC1D4692F800100F21 /* Smart4SURE */,
				802409D11D4692F800100F21 /* Smart4SURETests */,
				802409DC1D4692F800100F21 /* Smart4SUREUITests */,
				80240A241D469A1700100F21 /* Frameworks */,
				802409BB1D4692F800100F21 /* Products */,
			);
			sourceTree = "<group>";
		};
		802409BB1D4692F800100F21 /* Products */ = {
			isa = PBXGroup;
			children = (
				802409BA1D4692F800100F21 /* Smart4SURE.app */,
				802409CE1D4692F800100F21 /* Smart4SURETests.xctest */,
				802409D91D4692F800100F21 /* Smart4SUREUITests.xctest */,
			);
			name = Products;
			sourceTree = "<group>";
		};
		802409BC1D4692F800100F21 /* Smart4SURE */ = {
			isa = PBXGroup;
			children = (
				802409BD1D4692F800100F21 /* AppDelegate.swift */,
				80240A071D46949500100F21 /* Smart4SUREActivityTableViewController.swift */,
				FF46AA0B1D6E44E2006AD42B /* Smart4SUREDashboardViewController.swift */,
				80240A081D46949500100F21 /* Smart4SURELearnInfo.swift */,
				80240A091D46949500100F21 /* Smart4SURELearnViewController.swift */,
				FF722C1B1D7765E7004B2F8B /* Smart4SURENewsfeedTableViewController.swift */,
				FF5051D81D6675A50065E677 /* Smart4SUREOnboardingViewController.swift */,
				FF46AA621D6E58BE006AD42B /* Smart4SUREScheduledActivityManager.swift */,
				802409C11D4692F800100F21 /* Main.storyboard */,
				802409C61D4692F800100F21 /* LaunchScreen.storyboard */,
				FF46AA791D6F9770006AD42B /* Core Data */,
				802409EF1D46949500100F21 /* Resources */,
				80240AD31D46A44900100F21 /* Supporting Files */,
			);
			path = Smart4SURE;
			sourceTree = "<group>";
		};
		802409D11D4692F800100F21 /* Smart4SURETests */ = {
			isa = PBXGroup;
			children = (
				802409D21D4692F800100F21 /* Smart4SURETests.swift */,
				802409D41D4692F800100F21 /* Info.plist */,
			);
			path = Smart4SURETests;
			sourceTree = "<group>";
		};
		802409DC1D4692F800100F21 /* Smart4SUREUITests */ = {
			isa = PBXGroup;
			children = (
				802409DD1D4692F800100F21 /* Smart4SUREUITests.swift */,
				802409DF1D4692F800100F21 /* Info.plist */,
			);
			path = Smart4SUREUITests;
			sourceTree = "<group>";
		};
		802409EF1D46949500100F21 /* Resources */ = {
			isa = PBXGroup;
			children = (
				802409F01D46949500100F21 /* Assets.xcassets */,
				802409F11D46949500100F21 /* Certificates */,
				802409F41D46949500100F21 /* HTML */,
				802409FF1D46949500100F21 /* Tasks */,
			);
			path = Resources;
			sourceTree = "<group>";
		};
		802409F11D46949500100F21 /* Certificates */ = {
			isa = PBXGroup;
			children = (
				8027A8DD1D638FDF00DCF4D0 /* sure-pd3-parkinson.pem */,
			);
			name = Certificates;
			path = ../iOSPrivateProjectInfo/Smart4SURE;
			sourceTree = SOURCE_ROOT;
		};
		802409F41D46949500100F21 /* HTML */ = {
			isa = PBXGroup;
			children = (
				FF84AAFD1D907A9D00ABD54C /* SURE-PD3.png */,
				FF84AAFE1D907A9D00ABD54C /* mgh.png */,
				FF84AAFF1D907A9D00ABD54C /* meliora.png */,
				FF3A7AEC1D78C0150073CE96 /* About.html */,
				FF8359901D70C6AC0028B899 /* Withdrawl.html */,
				802409F51D46949500100F21 /* Contact Us.html */,
				802409F71D46949500100F21 /* How Long.html */,
				802409F91D46949500100F21 /* Instructions.html */,
				802409FB1D46949500100F21 /* Missed Session.html */,
				802409FD1D46949500100F21 /* Learn_section.css */,
				802409FE1D46949500100F21 /* pantspocket.png */,
			);
			path = HTML;
			sourceTree = "<group>";
		};
		802409FF1D46949500100F21 /* Tasks */ = {
			isa = PBXGroup;
			children = (
				FF5051D61D6663F50065E677 /* Onboarding.json */,
				80240A001D46949500100F21 /* CombinedTask.json */,
			);
			path = Tasks;
			sourceTree = "<group>";
		};
		80240A241D469A1700100F21 /* Frameworks */ = {
			isa = PBXGroup;
			children = (
				FF84AAA61D8CAFA600ABD54C /* HealthKit.framework */,
				FF46AA641D6E5908006AD42B /* CoreData.framework */,
				80240AAA1D469B1700100F21 /* openssl.xcodeproj */,
				80240A811D469AB600100F21 /* ZipZap.xcodeproj */,
				80240A771D469AA600100F21 /* ResearchKit.xcodeproj */,
				80240A621D469A9800100F21 /* BridgeSDK.xcodeproj */,
				80240A251D469A2D00100F21 /* BridgeAppSDK.xcodeproj */,
			);
			name = Frameworks;
			sourceTree = "<group>";
		};
		80240A261D469A2D00100F21 /* Products */ = {
			isa = PBXGroup;
			children = (
				80240A301D469A2D00100F21 /* BridgeAppSDKSample.app */,
				80240A321D469A2D00100F21 /* BridgeAppSDK.framework */,
				80240A341D469A2D00100F21 /* BridgeAppSDKTests.xctest */,
			);
			name = Products;
			sourceTree = "<group>";
		};
		80240A631D469A9800100F21 /* Products */ = {
			isa = PBXGroup;
			children = (
				80240A701D469A9800100F21 /* BridgeSDK.framework */,
				80240A721D469A9800100F21 /* BridgeSDKTests.xctest */,
				80240A741D469A9800100F21 /* BridgeSDKIntegration.app */,
				80240A761D469A9800100F21 /* BridgeSDKIntegrationTests.xctest */,
			);
			name = Products;
			sourceTree = "<group>";
		};
		80240A781D469AA600100F21 /* Products */ = {
			isa = PBXGroup;
			children = (
				80240A7E1D469AA600100F21 /* ResearchKit.framework */,
				80240A801D469AA600100F21 /* ResearchKitTests.xctest */,
			);
			name = Products;
			sourceTree = "<group>";
		};
		80240A821D469AB600100F21 /* Products */ = {
			isa = PBXGroup;
			children = (
				80240A8C1D469AB600100F21 /* ZipZap.framework */,
				80240A8E1D469AB600100F21 /* libZipZap.a */,
				80240A901D469AB600100F21 /* ZipZap.framework */,
				80240A921D469AB600100F21 /* libZipZap.a */,
				80240A941D469AB600100F21 /* ZipZap.framework */,
				80240A961D469AB600100F21 /* libZipZap.a */,
				80240A981D469AB600100F21 /* ZipZapTests.xctest */,
			);
			name = Products;
			sourceTree = "<group>";
		};
		80240AAB1D469B1700100F21 /* Products */ = {
			isa = PBXGroup;
			children = (
				80240AB11D469B1700100F21 /* openssl.framework */,
				80240AB31D469B1700100F21 /* opensslTests.xctest */,
			);
			name = Products;
			sourceTree = "<group>";
		};
		80240AD31D46A44900100F21 /* Supporting Files */ = {
			isa = PBXGroup;
			children = (
				FF84AAA31D8CAF8300ABD54C /* Smart4SURE.entitlements */,
				802409C91D4692F800100F21 /* Info.plist */,
				802409EC1D46949500100F21 /* BridgeInfo.plist */,
				8027A8C61D638E5B00DCF4D0 /* BridgeInfo-private.plist */,
				802409ED1D46949500100F21 /* ColorInfo.plist */,
				80240ACC1D46A38A00100F21 /* LearnInfo.plist */,
			);
			name = "Supporting Files";
			sourceTree = "<group>";
		};
		FF46AA791D6F9770006AD42B /* Core Data */ = {
			isa = PBXGroup;
			children = (
				FF46AA6E1D6F7880006AD42B /* Smart4SURE.xcdatamodeld */,
				FF46AA761D6F7E2D006AD42B /* ScheduledActivity.swift */,
				FF46AA751D6F7E2D006AD42B /* ScheduledActivity+CoreDataProperties.swift */,
			);
			name = "Core Data";
			sourceTree = "<group>";
		};
/* End PBXGroup section */

/* Begin PBXNativeTarget section */
		802409B91D4692F800100F21 /* Smart4SURE */ = {
			isa = PBXNativeTarget;
			buildConfigurationList = 802409E21D4692F800100F21 /* Build configuration list for PBXNativeTarget "Smart4SURE" */;
			buildPhases = (
				802409B61D4692F800100F21 /* Sources */,
				802409B71D4692F800100F21 /* Frameworks */,
				802409B81D4692F800100F21 /* Resources */,
				80240AA91D469AFF00100F21 /* Embed Frameworks */,
			);
			buildRules = (
			);
			dependencies = (
				80240A9C1D469AFE00100F21 /* PBXTargetDependency */,
				80240AA01D469AFE00100F21 /* PBXTargetDependency */,
				80240AA41D469AFE00100F21 /* PBXTargetDependency */,
				80240AA81D469AFE00100F21 /* PBXTargetDependency */,
				80240AB71D469B2000100F21 /* PBXTargetDependency */,
			);
			name = Smart4SURE;
			productName = Smart4SURE;
			productReference = 802409BA1D4692F800100F21 /* Smart4SURE.app */;
			productType = "com.apple.product-type.application";
		};
		802409CD1D4692F800100F21 /* Smart4SURETests */ = {
			isa = PBXNativeTarget;
			buildConfigurationList = 802409E51D4692F800100F21 /* Build configuration list for PBXNativeTarget "Smart4SURETests" */;
			buildPhases = (
				802409CA1D4692F800100F21 /* Sources */,
				802409CB1D4692F800100F21 /* Frameworks */,
				802409CC1D4692F800100F21 /* Resources */,
			);
			buildRules = (
			);
			dependencies = (
				802409D01D4692F800100F21 /* PBXTargetDependency */,
			);
			name = Smart4SURETests;
			productName = Smart4SURETests;
			productReference = 802409CE1D4692F800100F21 /* Smart4SURETests.xctest */;
			productType = "com.apple.product-type.bundle.unit-test";
		};
		802409D81D4692F800100F21 /* Smart4SUREUITests */ = {
			isa = PBXNativeTarget;
			buildConfigurationList = 802409E81D4692F800100F21 /* Build configuration list for PBXNativeTarget "Smart4SUREUITests" */;
			buildPhases = (
				802409D51D4692F800100F21 /* Sources */,
				802409D61D4692F800100F21 /* Frameworks */,
				802409D71D4692F800100F21 /* Resources */,
			);
			buildRules = (
			);
			dependencies = (
				802409DB1D4692F800100F21 /* PBXTargetDependency */,
			);
			name = Smart4SUREUITests;
			productName = Smart4SUREUITests;
			productReference = 802409D91D4692F800100F21 /* Smart4SUREUITests.xctest */;
			productType = "com.apple.product-type.bundle.ui-testing";
		};
/* End PBXNativeTarget section */

/* Begin PBXProject section */
		802409B21D4692F800100F21 /* Project object */ = {
			isa = PBXProject;
			attributes = {
				LastSwiftUpdateCheck = 0730;
				LastUpgradeCheck = 0800;
				ORGANIZATIONNAME = "Sage Bionetworks";
				TargetAttributes = {
					802409B91D4692F800100F21 = {
						CreatedOnToolsVersion = 7.3.1;
						DevelopmentTeam = 4B822CZK9N;
						LastSwiftMigration = 0800;
						SystemCapabilities = {
							com.apple.HealthKit = {
								enabled = 1;
							};
							com.apple.InterAppAudio = {
								enabled = 0;
							};
							com.apple.Keychain = {
								enabled = 1;
							};
						};
					};
					802409CD1D4692F800100F21 = {
						CreatedOnToolsVersion = 7.3.1;
						LastSwiftMigration = 0800;
						TestTargetID = 802409B91D4692F800100F21;
					};
					802409D81D4692F800100F21 = {
						CreatedOnToolsVersion = 7.3.1;
						LastSwiftMigration = 0800;
						TestTargetID = 802409B91D4692F800100F21;
					};
				};
			};
			buildConfigurationList = 802409B51D4692F800100F21 /* Build configuration list for PBXProject "Smart4SURE" */;
			compatibilityVersion = "Xcode 3.2";
			developmentRegion = English;
			hasScannedForEncodings = 0;
			knownRegions = (
				en,
				Base,
			);
			mainGroup = 802409B11D4692F800100F21;
			productRefGroup = 802409BB1D4692F800100F21 /* Products */;
			projectDirPath = "";
			projectReferences = (
				{
					ProductGroup = 80240A261D469A2D00100F21 /* Products */;
					ProjectRef = 80240A251D469A2D00100F21 /* BridgeAppSDK.xcodeproj */;
				},
				{
					ProductGroup = 80240A631D469A9800100F21 /* Products */;
					ProjectRef = 80240A621D469A9800100F21 /* BridgeSDK.xcodeproj */;
				},
				{
					ProductGroup = 80240AAB1D469B1700100F21 /* Products */;
					ProjectRef = 80240AAA1D469B1700100F21 /* openssl.xcodeproj */;
				},
				{
					ProductGroup = 80240A781D469AA600100F21 /* Products */;
					ProjectRef = 80240A771D469AA600100F21 /* ResearchKit.xcodeproj */;
				},
				{
					ProductGroup = 80240A821D469AB600100F21 /* Products */;
					ProjectRef = 80240A811D469AB600100F21 /* ZipZap.xcodeproj */;
				},
			);
			projectRoot = "";
			targets = (
				802409B91D4692F800100F21 /* Smart4SURE */,
				802409CD1D4692F800100F21 /* Smart4SURETests */,
				802409D81D4692F800100F21 /* Smart4SUREUITests */,
			);
		};
/* End PBXProject section */

/* Begin PBXReferenceProxy section */
		80240A301D469A2D00100F21 /* BridgeAppSDKSample.app */ = {
			isa = PBXReferenceProxy;
			fileType = wrapper.application;
			path = BridgeAppSDKSample.app;
			remoteRef = 80240A2F1D469A2D00100F21 /* PBXContainerItemProxy */;
			sourceTree = BUILT_PRODUCTS_DIR;
		};
		80240A321D469A2D00100F21 /* BridgeAppSDK.framework */ = {
			isa = PBXReferenceProxy;
			fileType = wrapper.framework;
			path = BridgeAppSDK.framework;
			remoteRef = 80240A311D469A2D00100F21 /* PBXContainerItemProxy */;
			sourceTree = BUILT_PRODUCTS_DIR;
		};
		80240A341D469A2D00100F21 /* BridgeAppSDKTests.xctest */ = {
			isa = PBXReferenceProxy;
			fileType = wrapper.cfbundle;
			path = BridgeAppSDKTests.xctest;
			remoteRef = 80240A331D469A2D00100F21 /* PBXContainerItemProxy */;
			sourceTree = BUILT_PRODUCTS_DIR;
		};
		80240A701D469A9800100F21 /* BridgeSDK.framework */ = {
			isa = PBXReferenceProxy;
			fileType = wrapper.framework;
			path = BridgeSDK.framework;
			remoteRef = 80240A6F1D469A9800100F21 /* PBXContainerItemProxy */;
			sourceTree = BUILT_PRODUCTS_DIR;
		};
		80240A721D469A9800100F21 /* BridgeSDKTests.xctest */ = {
			isa = PBXReferenceProxy;
			fileType = wrapper.cfbundle;
			path = BridgeSDKTests.xctest;
			remoteRef = 80240A711D469A9800100F21 /* PBXContainerItemProxy */;
			sourceTree = BUILT_PRODUCTS_DIR;
		};
		80240A741D469A9800100F21 /* BridgeSDKIntegration.app */ = {
			isa = PBXReferenceProxy;
			fileType = wrapper.application;
			path = BridgeSDKIntegration.app;
			remoteRef = 80240A731D469A9800100F21 /* PBXContainerItemProxy */;
			sourceTree = BUILT_PRODUCTS_DIR;
		};
		80240A761D469A9800100F21 /* BridgeSDKIntegrationTests.xctest */ = {
			isa = PBXReferenceProxy;
			fileType = wrapper.cfbundle;
			path = BridgeSDKIntegrationTests.xctest;
			remoteRef = 80240A751D469A9800100F21 /* PBXContainerItemProxy */;
			sourceTree = BUILT_PRODUCTS_DIR;
		};
		80240A7E1D469AA600100F21 /* ResearchKit.framework */ = {
			isa = PBXReferenceProxy;
			fileType = wrapper.framework;
			path = ResearchKit.framework;
			remoteRef = 80240A7D1D469AA600100F21 /* PBXContainerItemProxy */;
			sourceTree = BUILT_PRODUCTS_DIR;
		};
		80240A801D469AA600100F21 /* ResearchKitTests.xctest */ = {
			isa = PBXReferenceProxy;
			fileType = wrapper.cfbundle;
			path = ResearchKitTests.xctest;
			remoteRef = 80240A7F1D469AA600100F21 /* PBXContainerItemProxy */;
			sourceTree = BUILT_PRODUCTS_DIR;
		};
		80240A8C1D469AB600100F21 /* ZipZap.framework */ = {
			isa = PBXReferenceProxy;
			fileType = wrapper.framework;
			path = ZipZap.framework;
			remoteRef = 80240A8B1D469AB600100F21 /* PBXContainerItemProxy */;
			sourceTree = BUILT_PRODUCTS_DIR;
		};
		80240A8E1D469AB600100F21 /* libZipZap.a */ = {
			isa = PBXReferenceProxy;
			fileType = archive.ar;
			path = libZipZap.a;
			remoteRef = 80240A8D1D469AB600100F21 /* PBXContainerItemProxy */;
			sourceTree = BUILT_PRODUCTS_DIR;
		};
		80240A901D469AB600100F21 /* ZipZap.framework */ = {
			isa = PBXReferenceProxy;
			fileType = wrapper.framework;
			path = ZipZap.framework;
			remoteRef = 80240A8F1D469AB600100F21 /* PBXContainerItemProxy */;
			sourceTree = BUILT_PRODUCTS_DIR;
		};
		80240A921D469AB600100F21 /* libZipZap.a */ = {
			isa = PBXReferenceProxy;
			fileType = archive.ar;
			path = libZipZap.a;
			remoteRef = 80240A911D469AB600100F21 /* PBXContainerItemProxy */;
			sourceTree = BUILT_PRODUCTS_DIR;
		};
		80240A941D469AB600100F21 /* ZipZap.framework */ = {
			isa = PBXReferenceProxy;
			fileType = wrapper.framework;
			path = ZipZap.framework;
			remoteRef = 80240A931D469AB600100F21 /* PBXContainerItemProxy */;
			sourceTree = BUILT_PRODUCTS_DIR;
		};
		80240A961D469AB600100F21 /* libZipZap.a */ = {
			isa = PBXReferenceProxy;
			fileType = archive.ar;
			path = libZipZap.a;
			remoteRef = 80240A951D469AB600100F21 /* PBXContainerItemProxy */;
			sourceTree = BUILT_PRODUCTS_DIR;
		};
		80240A981D469AB600100F21 /* ZipZapTests.xctest */ = {
			isa = PBXReferenceProxy;
			fileType = wrapper.cfbundle;
			path = ZipZapTests.xctest;
			remoteRef = 80240A971D469AB600100F21 /* PBXContainerItemProxy */;
			sourceTree = BUILT_PRODUCTS_DIR;
		};
		80240AB11D469B1700100F21 /* openssl.framework */ = {
			isa = PBXReferenceProxy;
			fileType = wrapper.framework;
			path = openssl.framework;
			remoteRef = 80240AB01D469B1700100F21 /* PBXContainerItemProxy */;
			sourceTree = BUILT_PRODUCTS_DIR;
		};
		80240AB31D469B1700100F21 /* opensslTests.xctest */ = {
			isa = PBXReferenceProxy;
			fileType = wrapper.cfbundle;
			path = opensslTests.xctest;
			remoteRef = 80240AB21D469B1700100F21 /* PBXContainerItemProxy */;
			sourceTree = BUILT_PRODUCTS_DIR;
		};
/* End PBXReferenceProxy section */

/* Begin PBXResourcesBuildPhase section */
		802409B81D4692F800100F21 /* Resources */ = {
			isa = PBXResourcesBuildPhase;
			buildActionMask = 2147483647;
			files = (
				80240A101D46949500100F21 /* ColorInfo.plist in Resources */,
				80240A1B1D46949500100F21 /* CombinedTask.json in Resources */,
				802409C81D4692F800100F21 /* LaunchScreen.storyboard in Resources */,
				80240A1A1D46949500100F21 /* pantspocket.png in Resources */,
				FF84AB001D907A9D00ABD54C /* SURE-PD3.png in Resources */,
				80240A191D46949500100F21 /* Learn_section.css in Resources */,
				802409C31D4692F800100F21 /* Main.storyboard in Resources */,
				FF3A7AEE1D78C0150073CE96 /* About.html in Resources */,
				80240A161D46949500100F21 /* How Long.html in Resources */,
				80240A171D46949500100F21 /* Instructions.html in Resources */,
				FF84AB021D907A9D00ABD54C /* meliora.png in Resources */,
				FF84AB011D907A9D00ABD54C /* mgh.png in Resources */,
				80240A121D46949500100F21 /* Assets.xcassets in Resources */,
				80240A151D46949500100F21 /* Contact Us.html in Resources */,
				80240AD01D46A38A00100F21 /* LearnInfo.plist in Resources */,
				80240A0F1D46949500100F21 /* BridgeInfo.plist in Resources */,
				8027A8C71D638E5B00DCF4D0 /* BridgeInfo-private.plist in Resources */,
				FF8359921D70C6AC0028B899 /* Withdrawl.html in Resources */,
				80240A181D46949500100F21 /* Missed Session.html in Resources */,
				FF5051D71D6663F50065E677 /* Onboarding.json in Resources */,
				8027A8DE1D638FDF00DCF4D0 /* sure-pd3-parkinson.pem in Resources */,
			);
			runOnlyForDeploymentPostprocessing = 0;
		};
		802409CC1D4692F800100F21 /* Resources */ = {
			isa = PBXResourcesBuildPhase;
			buildActionMask = 2147483647;
			files = (
			);
			runOnlyForDeploymentPostprocessing = 0;
		};
		802409D71D4692F800100F21 /* Resources */ = {
			isa = PBXResourcesBuildPhase;
			buildActionMask = 2147483647;
			files = (
			);
			runOnlyForDeploymentPostprocessing = 0;
		};
/* End PBXResourcesBuildPhase section */

/* Begin PBXSourcesBuildPhase section */
		802409B61D4692F800100F21 /* Sources */ = {
			isa = PBXSourcesBuildPhase;
			buildActionMask = 2147483647;
			files = (
				FF722C1C1D7765E7004B2F8B /* Smart4SURENewsfeedTableViewController.swift in Sources */,
				80240A1E1D46949500100F21 /* Smart4SUREActivityTableViewController.swift in Sources */,
				FF46AA631D6E58BE006AD42B /* Smart4SUREScheduledActivityManager.swift in Sources */,
				FF5051D91D6675A50065E677 /* Smart4SUREOnboardingViewController.swift in Sources */,
				FF46AA701D6F7880006AD42B /* Smart4SURE.xcdatamodeld in Sources */,
				FF46AA771D6F7E2D006AD42B /* ScheduledActivity+CoreDataProperties.swift in Sources */,
				FF46AA781D6F7E2D006AD42B /* ScheduledActivity.swift in Sources */,
				802409BE1D4692F800100F21 /* AppDelegate.swift in Sources */,
				80240A1F1D46949500100F21 /* Smart4SURELearnInfo.swift in Sources */,
				80240A201D46949500100F21 /* Smart4SURELearnViewController.swift in Sources */,
				FF46AA0C1D6E44E2006AD42B /* Smart4SUREDashboardViewController.swift in Sources */,
			);
			runOnlyForDeploymentPostprocessing = 0;
		};
		802409CA1D4692F800100F21 /* Sources */ = {
			isa = PBXSourcesBuildPhase;
			buildActionMask = 2147483647;
			files = (
				802409D31D4692F800100F21 /* Smart4SURETests.swift in Sources */,
			);
			runOnlyForDeploymentPostprocessing = 0;
		};
		802409D51D4692F800100F21 /* Sources */ = {
			isa = PBXSourcesBuildPhase;
			buildActionMask = 2147483647;
			files = (
				802409DE1D4692F800100F21 /* Smart4SUREUITests.swift in Sources */,
			);
			runOnlyForDeploymentPostprocessing = 0;
		};
/* End PBXSourcesBuildPhase section */

/* Begin PBXTargetDependency section */
		802409D01D4692F800100F21 /* PBXTargetDependency */ = {
			isa = PBXTargetDependency;
			target = 802409B91D4692F800100F21 /* Smart4SURE */;
			targetProxy = 802409CF1D4692F800100F21 /* PBXContainerItemProxy */;
		};
		802409DB1D4692F800100F21 /* PBXTargetDependency */ = {
			isa = PBXTargetDependency;
			target = 802409B91D4692F800100F21 /* Smart4SURE */;
			targetProxy = 802409DA1D4692F800100F21 /* PBXContainerItemProxy */;
		};
		80240A9C1D469AFE00100F21 /* PBXTargetDependency */ = {
			isa = PBXTargetDependency;
			name = "ZipZap (iOS Framework)";
			targetProxy = 80240A9B1D469AFE00100F21 /* PBXContainerItemProxy */;
		};
		80240AA01D469AFE00100F21 /* PBXTargetDependency */ = {
			isa = PBXTargetDependency;
			name = ResearchKit;
			targetProxy = 80240A9F1D469AFE00100F21 /* PBXContainerItemProxy */;
		};
		80240AA41D469AFE00100F21 /* PBXTargetDependency */ = {
			isa = PBXTargetDependency;
			name = BridgeSDK;
			targetProxy = 80240AA31D469AFE00100F21 /* PBXContainerItemProxy */;
		};
		80240AA81D469AFE00100F21 /* PBXTargetDependency */ = {
			isa = PBXTargetDependency;
			name = BridgeAppSDK;
			targetProxy = 80240AA71D469AFE00100F21 /* PBXContainerItemProxy */;
		};
		80240AB71D469B2000100F21 /* PBXTargetDependency */ = {
			isa = PBXTargetDependency;
			name = openssl;
			targetProxy = 80240AB61D469B2000100F21 /* PBXContainerItemProxy */;
		};
/* End PBXTargetDependency section */

/* Begin PBXVariantGroup section */
		802409C11D4692F800100F21 /* Main.storyboard */ = {
			isa = PBXVariantGroup;
			children = (
				802409C21D4692F800100F21 /* Base */,
			);
			name = Main.storyboard;
			sourceTree = "<group>";
		};
		802409C61D4692F800100F21 /* LaunchScreen.storyboard */ = {
			isa = PBXVariantGroup;
			children = (
				802409C71D4692F800100F21 /* Base */,
			);
			name = LaunchScreen.storyboard;
			sourceTree = "<group>";
		};
		802409F51D46949500100F21 /* Contact Us.html */ = {
			isa = PBXVariantGroup;
			children = (
				802409F61D46949500100F21 /* Base */,
			);
			name = "Contact Us.html";
			sourceTree = "<group>";
		};
		802409F71D46949500100F21 /* How Long.html */ = {
			isa = PBXVariantGroup;
			children = (
				802409F81D46949500100F21 /* Base */,
			);
			name = "How Long.html";
			sourceTree = "<group>";
		};
		802409F91D46949500100F21 /* Instructions.html */ = {
			isa = PBXVariantGroup;
			children = (
				802409FA1D46949500100F21 /* Base */,
			);
			name = Instructions.html;
			sourceTree = "<group>";
		};
		802409FB1D46949500100F21 /* Missed Session.html */ = {
			isa = PBXVariantGroup;
			children = (
				802409FC1D46949500100F21 /* Base */,
			);
			name = "Missed Session.html";
			sourceTree = "<group>";
		};
		80240A001D46949500100F21 /* CombinedTask.json */ = {
			isa = PBXVariantGroup;
			children = (
				80240A011D46949500100F21 /* Base */,
			);
			name = CombinedTask.json;
			sourceTree = "<group>";
		};
		80240ACC1D46A38A00100F21 /* LearnInfo.plist */ = {
			isa = PBXVariantGroup;
			children = (
				80240ACD1D46A38A00100F21 /* Base */,
			);
			name = LearnInfo.plist;
			path = ..;
			sourceTree = "<group>";
		};
		FF3A7AEC1D78C0150073CE96 /* About.html */ = {
			isa = PBXVariantGroup;
			children = (
				FF3A7AED1D78C0150073CE96 /* Base */,
			);
			name = About.html;
			sourceTree = "<group>";
		};
		FF8359901D70C6AC0028B899 /* Withdrawl.html */ = {
			isa = PBXVariantGroup;
			children = (
				FF8359911D70C6AC0028B899 /* Base */,
			);
			name = Withdrawl.html;
			sourceTree = "<group>";
		};
/* End PBXVariantGroup section */

/* Begin XCBuildConfiguration section */
		802409E01D4692F800100F21 /* Debug */ = {
			isa = XCBuildConfiguration;
			buildSettings = {
				ALWAYS_SEARCH_USER_PATHS = NO;
				CLANG_ANALYZER_NONNULL = YES;
				CLANG_CXX_LANGUAGE_STANDARD = "gnu++0x";
				CLANG_CXX_LIBRARY = "libc++";
				CLANG_ENABLE_MODULES = YES;
				CLANG_ENABLE_OBJC_ARC = YES;
				CLANG_WARN_BOOL_CONVERSION = YES;
				CLANG_WARN_CONSTANT_CONVERSION = YES;
				CLANG_WARN_DIRECT_OBJC_ISA_USAGE = YES_ERROR;
				CLANG_WARN_EMPTY_BODY = YES;
				CLANG_WARN_ENUM_CONVERSION = YES;
				CLANG_WARN_INFINITE_RECURSION = YES;
				CLANG_WARN_INT_CONVERSION = YES;
				CLANG_WARN_OBJC_ROOT_CLASS = YES_ERROR;
				CLANG_WARN_SUSPICIOUS_MOVE = YES;
				CLANG_WARN_UNREACHABLE_CODE = YES;
				CLANG_WARN__DUPLICATE_METHOD_MATCH = YES;
				"CODE_SIGN_IDENTITY[sdk=iphoneos*]" = "iPhone Developer";
				COPY_PHASE_STRIP = NO;
				DEBUG_INFORMATION_FORMAT = dwarf;
				ENABLE_STRICT_OBJC_MSGSEND = YES;
				ENABLE_TESTABILITY = YES;
				GCC_C_LANGUAGE_STANDARD = gnu99;
				GCC_DYNAMIC_NO_PIC = NO;
				GCC_NO_COMMON_BLOCKS = YES;
				GCC_OPTIMIZATION_LEVEL = 0;
				GCC_PREPROCESSOR_DEFINITIONS = (
					"DEBUG=1",
					"$(inherited)",
				);
				GCC_WARN_64_TO_32_BIT_CONVERSION = YES;
				GCC_WARN_ABOUT_RETURN_TYPE = YES_ERROR;
				GCC_WARN_UNDECLARED_SELECTOR = YES;
				GCC_WARN_UNINITIALIZED_AUTOS = YES_AGGRESSIVE;
				GCC_WARN_UNUSED_FUNCTION = YES;
				GCC_WARN_UNUSED_VARIABLE = YES;
				IPHONEOS_DEPLOYMENT_TARGET = 9.3;
				MTL_ENABLE_DEBUG_INFO = YES;
				ONLY_ACTIVE_ARCH = YES;
				SDKROOT = iphoneos;
				SWIFT_OPTIMIZATION_LEVEL = "-Onone";
			};
			name = Debug;
		};
		802409E11D4692F800100F21 /* Release */ = {
			isa = XCBuildConfiguration;
			buildSettings = {
				ALWAYS_SEARCH_USER_PATHS = NO;
				CLANG_ANALYZER_NONNULL = YES;
				CLANG_CXX_LANGUAGE_STANDARD = "gnu++0x";
				CLANG_CXX_LIBRARY = "libc++";
				CLANG_ENABLE_MODULES = YES;
				CLANG_ENABLE_OBJC_ARC = YES;
				CLANG_WARN_BOOL_CONVERSION = YES;
				CLANG_WARN_CONSTANT_CONVERSION = YES;
				CLANG_WARN_DIRECT_OBJC_ISA_USAGE = YES_ERROR;
				CLANG_WARN_EMPTY_BODY = YES;
				CLANG_WARN_ENUM_CONVERSION = YES;
				CLANG_WARN_INFINITE_RECURSION = YES;
				CLANG_WARN_INT_CONVERSION = YES;
				CLANG_WARN_OBJC_ROOT_CLASS = YES_ERROR;
				CLANG_WARN_SUSPICIOUS_MOVE = YES;
				CLANG_WARN_UNREACHABLE_CODE = YES;
				CLANG_WARN__DUPLICATE_METHOD_MATCH = YES;
				"CODE_SIGN_IDENTITY[sdk=iphoneos*]" = "iPhone Developer";
				COPY_PHASE_STRIP = NO;
				DEBUG_INFORMATION_FORMAT = "dwarf-with-dsym";
				ENABLE_NS_ASSERTIONS = NO;
				ENABLE_STRICT_OBJC_MSGSEND = YES;
				GCC_C_LANGUAGE_STANDARD = gnu99;
				GCC_NO_COMMON_BLOCKS = YES;
				GCC_WARN_64_TO_32_BIT_CONVERSION = YES;
				GCC_WARN_ABOUT_RETURN_TYPE = YES_ERROR;
				GCC_WARN_UNDECLARED_SELECTOR = YES;
				GCC_WARN_UNINITIALIZED_AUTOS = YES_AGGRESSIVE;
				GCC_WARN_UNUSED_FUNCTION = YES;
				GCC_WARN_UNUSED_VARIABLE = YES;
				IPHONEOS_DEPLOYMENT_TARGET = 9.3;
				MTL_ENABLE_DEBUG_INFO = NO;
				SDKROOT = iphoneos;
				SWIFT_OPTIMIZATION_LEVEL = "-Owholemodule";
				VALIDATE_PRODUCT = YES;
			};
			name = Release;
		};
		802409E31D4692F800100F21 /* Debug */ = {
			isa = XCBuildConfiguration;
			buildSettings = {
				ALWAYS_EMBED_SWIFT_STANDARD_LIBRARIES = YES;
				ASSETCATALOG_COMPILER_APPICON_NAME = AppIcon;
				CLANG_ENABLE_MODULES = YES;
				CODE_SIGN_ENTITLEMENTS = Smart4SURE/Smart4SURE.entitlements;
				CODE_SIGN_IDENTITY = "iPhone Developer";
				CURRENT_PROJECT_VERSION = 12;
				INFOPLIST_FILE = Smart4SURE/Info.plist;
				IPHONEOS_DEPLOYMENT_TARGET = 9.3;
				LD_RUNPATH_SEARCH_PATHS = "$(inherited) @executable_path/Frameworks";
				PRODUCT_BUNDLE_IDENTIFIER = org.sagebase.Smart4SURE;
				PRODUCT_NAME = "$(TARGET_NAME)";
				SWIFT_OPTIMIZATION_LEVEL = "-Onone";
				SWIFT_VERSION = 3.0;
			};
			name = Debug;
		};
		802409E41D4692F800100F21 /* Release */ = {
			isa = XCBuildConfiguration;
			buildSettings = {
				ALWAYS_EMBED_SWIFT_STANDARD_LIBRARIES = YES;
				ASSETCATALOG_COMPILER_APPICON_NAME = AppIcon;
				CLANG_ENABLE_MODULES = YES;
				CODE_SIGN_ENTITLEMENTS = Smart4SURE/Smart4SURE.entitlements;
				CODE_SIGN_IDENTITY = "iPhone Developer";
				CURRENT_PROJECT_VERSION = 12;
				INFOPLIST_FILE = Smart4SURE/Info.plist;
				IPHONEOS_DEPLOYMENT_TARGET = 9.3;
				LD_RUNPATH_SEARCH_PATHS = "$(inherited) @executable_path/Frameworks";
				PRODUCT_BUNDLE_IDENTIFIER = org.sagebase.Smart4SURE;
				PRODUCT_NAME = "$(TARGET_NAME)";
				SWIFT_VERSION = 3.0;
			};
			name = Release;
		};
		802409E61D4692F800100F21 /* Debug */ = {
			isa = XCBuildConfiguration;
			buildSettings = {
				BUNDLE_LOADER = "$(TEST_HOST)";
				INFOPLIST_FILE = Smart4SURETests/Info.plist;
				LD_RUNPATH_SEARCH_PATHS = "$(inherited) @executable_path/Frameworks @loader_path/Frameworks";
				PRODUCT_BUNDLE_IDENTIFIER = org.sagebase.Smart4SURETests;
				PRODUCT_NAME = "$(TARGET_NAME)";
				SWIFT_VERSION = 3.0;
				TEST_HOST = "$(BUILT_PRODUCTS_DIR)/Smart4SURE.app/Smart4SURE";
			};
			name = Debug;
		};
		802409E71D4692F800100F21 /* Release */ = {
			isa = XCBuildConfiguration;
			buildSettings = {
				BUNDLE_LOADER = "$(TEST_HOST)";
				INFOPLIST_FILE = Smart4SURETests/Info.plist;
				LD_RUNPATH_SEARCH_PATHS = "$(inherited) @executable_path/Frameworks @loader_path/Frameworks";
				PRODUCT_BUNDLE_IDENTIFIER = org.sagebase.Smart4SURETests;
				PRODUCT_NAME = "$(TARGET_NAME)";
				SWIFT_VERSION = 3.0;
				TEST_HOST = "$(BUILT_PRODUCTS_DIR)/Smart4SURE.app/Smart4SURE";
			};
			name = Release;
		};
		802409E91D4692F800100F21 /* Debug */ = {
			isa = XCBuildConfiguration;
			buildSettings = {
				INFOPLIST_FILE = Smart4SUREUITests/Info.plist;
				LD_RUNPATH_SEARCH_PATHS = "$(inherited) @executable_path/Frameworks @loader_path/Frameworks";
				PRODUCT_BUNDLE_IDENTIFIER = org.sagebase.Smart4SUREUITests;
				PRODUCT_NAME = "$(TARGET_NAME)";
				SWIFT_VERSION = 3.0;
				TEST_TARGET_NAME = Smart4SURE;
			};
			name = Debug;
		};
		802409EA1D4692F800100F21 /* Release */ = {
			isa = XCBuildConfiguration;
			buildSettings = {
				INFOPLIST_FILE = Smart4SUREUITests/Info.plist;
				LD_RUNPATH_SEARCH_PATHS = "$(inherited) @executable_path/Frameworks @loader_path/Frameworks";
				PRODUCT_BUNDLE_IDENTIFIER = org.sagebase.Smart4SUREUITests;
				PRODUCT_NAME = "$(TARGET_NAME)";
				SWIFT_VERSION = 3.0;
				TEST_TARGET_NAME = Smart4SURE;
			};
			name = Release;
		};
/* End XCBuildConfiguration section */

/* Begin XCConfigurationList section */
		802409B51D4692F800100F21 /* Build configuration list for PBXProject "Smart4SURE" */ = {
			isa = XCConfigurationList;
			buildConfigurations = (
				802409E01D4692F800100F21 /* Debug */,
				802409E11D4692F800100F21 /* Release */,
			);
			defaultConfigurationIsVisible = 0;
			defaultConfigurationName = Release;
		};
		802409E21D4692F800100F21 /* Build configuration list for PBXNativeTarget "Smart4SURE" */ = {
			isa = XCConfigurationList;
			buildConfigurations = (
				802409E31D4692F800100F21 /* Debug */,
				802409E41D4692F800100F21 /* Release */,
			);
			defaultConfigurationIsVisible = 0;
			defaultConfigurationName = Release;
		};
		802409E51D4692F800100F21 /* Build configuration list for PBXNativeTarget "Smart4SURETests" */ = {
			isa = XCConfigurationList;
			buildConfigurations = (
				802409E61D4692F800100F21 /* Debug */,
				802409E71D4692F800100F21 /* Release */,
			);
			defaultConfigurationIsVisible = 0;
			defaultConfigurationName = Release;
		};
		802409E81D4692F800100F21 /* Build configuration list for PBXNativeTarget "Smart4SUREUITests" */ = {
			isa = XCConfigurationList;
			buildConfigurations = (
				802409E91D4692F800100F21 /* Debug */,
				802409EA1D4692F800100F21 /* Release */,
			);
			defaultConfigurationIsVisible = 0;
			defaultConfigurationName = Release;
		};
/* End XCConfigurationList section */

/* Begin XCVersionGroup section */
		FF46AA6E1D6F7880006AD42B /* Smart4SURE.xcdatamodeld */ = {
			isa = XCVersionGroup;
			children = (
				FF46AA6F1D6F7880006AD42B /* Smart4SURE.xcdatamodel */,
			);
			currentVersion = FF46AA6F1D6F7880006AD42B /* Smart4SURE.xcdatamodel */;
			name = Smart4SURE.xcdatamodeld;
			path = Resources/Smart4SURE.xcdatamodeld;
			sourceTree = "<group>";
			versionGroupType = wrapper.xcdatamodel;
		};
/* End XCVersionGroup section */
	};
	rootObject = 802409B21D4692F800100F21 /* Project object */;
}
